// !$*UTF8*$!
{
	archiveVersion = 1;
	classes = {
	};
	objectVersion = 51;
	objects = {

/* Begin PBXBuildFile section */
		57E11E1F1B4352B904018D44 /* Pods_karton_iosTests.framework in Frameworks */ = {isa = PBXBuildFile; fileRef = BF12BC125A3D0B8750966609 /* Pods_karton_iosTests.framework */; };
		79CE9CDDFFF414E9D0BA72F5 /* Pods_karton_ios_karton_iosUITests.framework in Frameworks */ = {isa = PBXBuildFile; fileRef = E82275B969B9A31E40792A2C /* Pods_karton_ios_karton_iosUITests.framework */; };
		9A064357A7F44CA0B071A563 /* Pods_karton_ios.framework in Frameworks */ = {isa = PBXBuildFile; fileRef = 7C8EED793E4DDDCD416B7FBE /* Pods_karton_ios.framework */; };
		D42559E324FAB41500C0CB8F /* CodingViewController.swift in Sources */ = {isa = PBXBuildFile; fileRef = D42559E224FAB41500C0CB8F /* CodingViewController.swift */; };
		D426244924F28A6D008B47C1 /* GoogleService-Info.plist in Resources */ = {isa = PBXBuildFile; fileRef = D426244824F28A6C008B47C1 /* GoogleService-Info.plist */; };
		D42C8A5C24D7324600170880 /* WebKitViewController.swift in Sources */ = {isa = PBXBuildFile; fileRef = D42C8A5B24D7324600170880 /* WebKitViewController.swift */; };
		D43EACC424D712C4007797CF /* Content.swift in Sources */ = {isa = PBXBuildFile; fileRef = D43EACC324D712C4007797CF /* Content.swift */; };
		D43EACC624D712F6007797CF /* ContentsDataSource.swift in Sources */ = {isa = PBXBuildFile; fileRef = D43EACC524D712F6007797CF /* ContentsDataSource.swift */; };
		D43EACC824D71355007797CF /* JSONs.swift in Sources */ = {isa = PBXBuildFile; fileRef = D43EACC724D71355007797CF /* JSONs.swift */; };
		D44DFD1224F2D929008B210F /* 1st.jpg in Resources */ = {isa = PBXBuildFile; fileRef = D44DFD1124F2D929008B210F /* 1st.jpg */; };
		D44DFD1424F2D931008B210F /* 2nd.jpg in Resources */ = {isa = PBXBuildFile; fileRef = D44DFD1324F2D931008B210F /* 2nd.jpg */; };
		D44DFD1624F2DB4A008B210F /* UIUtilities.swift in Sources */ = {isa = PBXBuildFile; fileRef = D44DFD1524F2DB4A008B210F /* UIUtilities.swift */; };
		D47EC55424F840E5003AC8D9 /* CameraViewController.swift in Sources */ = {isa = PBXBuildFile; fileRef = D47EC55324F840E5003AC8D9 /* CameraViewController.swift */; };
		D48EE309249ADB2200F1C598 /* AppDelegate.swift in Sources */ = {isa = PBXBuildFile; fileRef = D48EE308249ADB2200F1C598 /* AppDelegate.swift */; };
		D48EE30B249ADB2200F1C598 /* SceneDelegate.swift in Sources */ = {isa = PBXBuildFile; fileRef = D48EE30A249ADB2200F1C598 /* SceneDelegate.swift */; };
		D48EE310249ADB2200F1C598 /* Main.storyboard in Resources */ = {isa = PBXBuildFile; fileRef = D48EE30E249ADB2200F1C598 /* Main.storyboard */; };
		D48EE312249ADB2400F1C598 /* Assets.xcassets in Resources */ = {isa = PBXBuildFile; fileRef = D48EE311249ADB2400F1C598 /* Assets.xcassets */; };
		D48EE315249ADB2400F1C598 /* LaunchScreen.storyboard in Resources */ = {isa = PBXBuildFile; fileRef = D48EE313249ADB2400F1C598 /* LaunchScreen.storyboard */; };
		D48EE320249ADB2400F1C598 /* karton_iosTests.swift in Sources */ = {isa = PBXBuildFile; fileRef = D48EE31F249ADB2400F1C598 /* karton_iosTests.swift */; };
		D48EE32B249ADB2400F1C598 /* karton_iosUITests.swift in Sources */ = {isa = PBXBuildFile; fileRef = D48EE32A249ADB2400F1C598 /* karton_iosUITests.swift */; };
		D4F625F124B9A46900EDB10B /* HomePageViewController.swift in Sources */ = {isa = PBXBuildFile; fileRef = D4F625F024B9A46900EDB10B /* HomePageViewController.swift */; };
		D4F625F624B9AC1600EDB10B /* HomePageCollectionViewCell.swift in Sources */ = {isa = PBXBuildFile; fileRef = D4F625F524B9AC1600EDB10B /* HomePageCollectionViewCell.swift */; };
		D4F625FF24BA331E00EDB10B /* RoundButton.swift in Sources */ = {isa = PBXBuildFile; fileRef = D4F625FE24BA331E00EDB10B /* RoundButton.swift */; };
/* End PBXBuildFile section */

/* Begin PBXContainerItemProxy section */
		D48EE31C249ADB2400F1C598 /* PBXContainerItemProxy */ = {
			isa = PBXContainerItemProxy;
			containerPortal = D48EE2FD249ADB2200F1C598 /* Project object */;
			proxyType = 1;
			remoteGlobalIDString = D48EE304249ADB2200F1C598;
			remoteInfo = "karton-ios";
		};
		D48EE327249ADB2400F1C598 /* PBXContainerItemProxy */ = {
			isa = PBXContainerItemProxy;
			containerPortal = D48EE2FD249ADB2200F1C598 /* Project object */;
			proxyType = 1;
			remoteGlobalIDString = D48EE304249ADB2200F1C598;
			remoteInfo = "karton-ios";
		};
/* End PBXContainerItemProxy section */

/* Begin PBXFileReference section */
		0A83BE5B8F8CAA91F6569934 /* Pods-karton-ios-karton-iosUITests.debug.xcconfig */ = {isa = PBXFileReference; includeInIndex = 1; lastKnownFileType = text.xcconfig; name = "Pods-karton-ios-karton-iosUITests.debug.xcconfig"; path = "Target Support Files/Pods-karton-ios-karton-iosUITests/Pods-karton-ios-karton-iosUITests.debug.xcconfig"; sourceTree = "<group>"; };
		4854B9F080F4C206890F01F9 /* Pods-karton-iosTests.release.xcconfig */ = {isa = PBXFileReference; includeInIndex = 1; lastKnownFileType = text.xcconfig; name = "Pods-karton-iosTests.release.xcconfig"; path = "Target Support Files/Pods-karton-iosTests/Pods-karton-iosTests.release.xcconfig"; sourceTree = "<group>"; };
		520A79430917D64AD756C07D /* Pods-karton-ios.debug.xcconfig */ = {isa = PBXFileReference; includeInIndex = 1; lastKnownFileType = text.xcconfig; name = "Pods-karton-ios.debug.xcconfig"; path = "Target Support Files/Pods-karton-ios/Pods-karton-ios.debug.xcconfig"; sourceTree = "<group>"; };
		7C8EED793E4DDDCD416B7FBE /* Pods_karton_ios.framework */ = {isa = PBXFileReference; explicitFileType = wrapper.framework; includeInIndex = 0; path = Pods_karton_ios.framework; sourceTree = BUILT_PRODUCTS_DIR; };
		8EA31EA8E8ECB00421BF81D9 /* Pods-karton-ios-karton-iosUITests.release.xcconfig */ = {isa = PBXFileReference; includeInIndex = 1; lastKnownFileType = text.xcconfig; name = "Pods-karton-ios-karton-iosUITests.release.xcconfig"; path = "Target Support Files/Pods-karton-ios-karton-iosUITests/Pods-karton-ios-karton-iosUITests.release.xcconfig"; sourceTree = "<group>"; };
		BF12BC125A3D0B8750966609 /* Pods_karton_iosTests.framework */ = {isa = PBXFileReference; explicitFileType = wrapper.framework; includeInIndex = 0; path = Pods_karton_iosTests.framework; sourceTree = BUILT_PRODUCTS_DIR; };
		C06DF16F009C476265096D31 /* Pods-karton-ios.release.xcconfig */ = {isa = PBXFileReference; includeInIndex = 1; lastKnownFileType = text.xcconfig; name = "Pods-karton-ios.release.xcconfig"; path = "Target Support Files/Pods-karton-ios/Pods-karton-ios.release.xcconfig"; sourceTree = "<group>"; };
		D42559E224FAB41500C0CB8F /* CodingViewController.swift */ = {isa = PBXFileReference; lastKnownFileType = sourcecode.swift; path = CodingViewController.swift; sourceTree = "<group>"; };
		D426244824F28A6C008B47C1 /* GoogleService-Info.plist */ = {isa = PBXFileReference; fileEncoding = 4; lastKnownFileType = text.plist.xml; path = "GoogleService-Info.plist"; sourceTree = "<group>"; };
		D42C8A5B24D7324600170880 /* WebKitViewController.swift */ = {isa = PBXFileReference; lastKnownFileType = sourcecode.swift; path = WebKitViewController.swift; sourceTree = "<group>"; };
		D43EACC324D712C4007797CF /* Content.swift */ = {isa = PBXFileReference; lastKnownFileType = sourcecode.swift; path = Content.swift; sourceTree = "<group>"; };
		D43EACC524D712F6007797CF /* ContentsDataSource.swift */ = {isa = PBXFileReference; lastKnownFileType = sourcecode.swift; path = ContentsDataSource.swift; sourceTree = "<group>"; };
		D43EACC724D71355007797CF /* JSONs.swift */ = {isa = PBXFileReference; lastKnownFileType = sourcecode.swift; path = JSONs.swift; sourceTree = "<group>"; };
		D44DFD1124F2D929008B210F /* 1st.jpg */ = {isa = PBXFileReference; lastKnownFileType = image.jpeg; path = 1st.jpg; sourceTree = "<group>"; };
		D44DFD1324F2D931008B210F /* 2nd.jpg */ = {isa = PBXFileReference; lastKnownFileType = image.jpeg; path = 2nd.jpg; sourceTree = "<group>"; };
		D44DFD1524F2DB4A008B210F /* UIUtilities.swift */ = {isa = PBXFileReference; fileEncoding = 4; lastKnownFileType = sourcecode.swift; path = UIUtilities.swift; sourceTree = "<group>"; };
		D47EC55324F840E5003AC8D9 /* CameraViewController.swift */ = {isa = PBXFileReference; lastKnownFileType = sourcecode.swift; path = CameraViewController.swift; sourceTree = "<group>"; };
		D48EE305249ADB2200F1C598 /* kart-ON.app */ = {isa = PBXFileReference; explicitFileType = wrapper.application; includeInIndex = 0; path = "kart-ON.app"; sourceTree = BUILT_PRODUCTS_DIR; };
		D48EE308249ADB2200F1C598 /* AppDelegate.swift */ = {isa = PBXFileReference; lastKnownFileType = sourcecode.swift; path = AppDelegate.swift; sourceTree = "<group>"; };
		D48EE30A249ADB2200F1C598 /* SceneDelegate.swift */ = {isa = PBXFileReference; lastKnownFileType = sourcecode.swift; path = SceneDelegate.swift; sourceTree = "<group>"; };
		D48EE30F249ADB2200F1C598 /* Base */ = {isa = PBXFileReference; lastKnownFileType = file.storyboard; name = Base; path = Base.lproj/Main.storyboard; sourceTree = "<group>"; };
		D48EE311249ADB2400F1C598 /* Assets.xcassets */ = {isa = PBXFileReference; lastKnownFileType = folder.assetcatalog; path = Assets.xcassets; sourceTree = "<group>"; };
		D48EE314249ADB2400F1C598 /* Base */ = {isa = PBXFileReference; lastKnownFileType = file.storyboard; name = Base; path = Base.lproj/LaunchScreen.storyboard; sourceTree = "<group>"; };
		D48EE316249ADB2400F1C598 /* Info.plist */ = {isa = PBXFileReference; lastKnownFileType = text.plist.xml; path = Info.plist; sourceTree = "<group>"; };
		D48EE31B249ADB2400F1C598 /* karton-iosTests.xctest */ = {isa = PBXFileReference; explicitFileType = wrapper.cfbundle; includeInIndex = 0; path = "karton-iosTests.xctest"; sourceTree = BUILT_PRODUCTS_DIR; };
		D48EE31F249ADB2400F1C598 /* karton_iosTests.swift */ = {isa = PBXFileReference; lastKnownFileType = sourcecode.swift; path = karton_iosTests.swift; sourceTree = "<group>"; };
		D48EE321249ADB2400F1C598 /* Info.plist */ = {isa = PBXFileReference; lastKnownFileType = text.plist.xml; path = Info.plist; sourceTree = "<group>"; };
		D48EE326249ADB2400F1C598 /* karton-iosUITests.xctest */ = {isa = PBXFileReference; explicitFileType = wrapper.cfbundle; includeInIndex = 0; path = "karton-iosUITests.xctest"; sourceTree = BUILT_PRODUCTS_DIR; };
		D48EE32A249ADB2400F1C598 /* karton_iosUITests.swift */ = {isa = PBXFileReference; lastKnownFileType = sourcecode.swift; path = karton_iosUITests.swift; sourceTree = "<group>"; };
		D48EE32C249ADB2400F1C598 /* Info.plist */ = {isa = PBXFileReference; lastKnownFileType = text.plist.xml; path = Info.plist; sourceTree = "<group>"; };
		D4F625F024B9A46900EDB10B /* HomePageViewController.swift */ = {isa = PBXFileReference; lastKnownFileType = sourcecode.swift; path = HomePageViewController.swift; sourceTree = "<group>"; };
		D4F625F524B9AC1600EDB10B /* HomePageCollectionViewCell.swift */ = {isa = PBXFileReference; lastKnownFileType = sourcecode.swift; path = HomePageCollectionViewCell.swift; sourceTree = "<group>"; };
		D4F625FE24BA331E00EDB10B /* RoundButton.swift */ = {isa = PBXFileReference; lastKnownFileType = sourcecode.swift; path = RoundButton.swift; sourceTree = "<group>"; };
		E82275B969B9A31E40792A2C /* Pods_karton_ios_karton_iosUITests.framework */ = {isa = PBXFileReference; explicitFileType = wrapper.framework; includeInIndex = 0; path = Pods_karton_ios_karton_iosUITests.framework; sourceTree = BUILT_PRODUCTS_DIR; };
		FB8DBA651E3EF48AD599B3E6 /* Pods-karton-iosTests.debug.xcconfig */ = {isa = PBXFileReference; includeInIndex = 1; lastKnownFileType = text.xcconfig; name = "Pods-karton-iosTests.debug.xcconfig"; path = "Target Support Files/Pods-karton-iosTests/Pods-karton-iosTests.debug.xcconfig"; sourceTree = "<group>"; };
/* End PBXFileReference section */

/* Begin PBXFrameworksBuildPhase section */
		D48EE302249ADB2200F1C598 /* Frameworks */ = {
			isa = PBXFrameworksBuildPhase;
			buildActionMask = 2147483647;
			files = (
				9A064357A7F44CA0B071A563 /* Pods_karton_ios.framework in Frameworks */,
			);
			runOnlyForDeploymentPostprocessing = 0;
		};
		D48EE318249ADB2400F1C598 /* Frameworks */ = {
			isa = PBXFrameworksBuildPhase;
			buildActionMask = 2147483647;
			files = (
				57E11E1F1B4352B904018D44 /* Pods_karton_iosTests.framework in Frameworks */,
			);
			runOnlyForDeploymentPostprocessing = 0;
		};
		D48EE323249ADB2400F1C598 /* Frameworks */ = {
			isa = PBXFrameworksBuildPhase;
			buildActionMask = 2147483647;
			files = (
				79CE9CDDFFF414E9D0BA72F5 /* Pods_karton_ios_karton_iosUITests.framework in Frameworks */,
			);
			runOnlyForDeploymentPostprocessing = 0;
		};
/* End PBXFrameworksBuildPhase section */

/* Begin PBXGroup section */
		48EBBBB3A8365DD1C0969063 /* Frameworks */ = {
			isa = PBXGroup;
			children = (
				7C8EED793E4DDDCD416B7FBE /* Pods_karton_ios.framework */,
				E82275B969B9A31E40792A2C /* Pods_karton_ios_karton_iosUITests.framework */,
				BF12BC125A3D0B8750966609 /* Pods_karton_iosTests.framework */,
			);
			name = Frameworks;
			sourceTree = "<group>";
		};
		D44DFD1024F2D41B008B210F /* Resources */ = {
			isa = PBXGroup;
			children = (
				D44DFD1124F2D929008B210F /* 1st.jpg */,
				D44DFD1324F2D931008B210F /* 2nd.jpg */,
			);
			path = Resources;
			sourceTree = "<group>";
		};
		D48EE2FC249ADB2200F1C598 = {
			isa = PBXGroup;
			children = (
				D48EE307249ADB2200F1C598 /* karton-ios */,
				D48EE31E249ADB2400F1C598 /* karton-iosTests */,
				D48EE329249ADB2400F1C598 /* karton-iosUITests */,
				D48EE306249ADB2200F1C598 /* Products */,
				F7009BF2D8765693D3B1E4E2 /* Pods */,
				48EBBBB3A8365DD1C0969063 /* Frameworks */,
			);
			sourceTree = "<group>";
		};
		D48EE306249ADB2200F1C598 /* Products */ = {
			isa = PBXGroup;
			children = (
				D48EE305249ADB2200F1C598 /* kart-ON.app */,
				D48EE31B249ADB2400F1C598 /* karton-iosTests.xctest */,
				D48EE326249ADB2400F1C598 /* karton-iosUITests.xctest */,
			);
			name = Products;
			sourceTree = "<group>";
		};
		D48EE307249ADB2200F1C598 /* karton-ios */ = {
			isa = PBXGroup;
			children = (
				D44DFD1024F2D41B008B210F /* Resources */,
				D4F625FC24BA32ED00EDB10B /* Design */,
				D4F625F224B9AB8400EDB10B /* Cells */,
				D4F625F724B9AF1300EDB10B /* Models */,
				D4F625EF24B9A43D00EDB10B /* ViewControllers */,
				D48EE308249ADB2200F1C598 /* AppDelegate.swift */,
				D48EE30A249ADB2200F1C598 /* SceneDelegate.swift */,
				D48EE30E249ADB2200F1C598 /* Main.storyboard */,
				D48EE311249ADB2400F1C598 /* Assets.xcassets */,
				D48EE313249ADB2400F1C598 /* LaunchScreen.storyboard */,
				D48EE316249ADB2400F1C598 /* Info.plist */,
				D426244824F28A6C008B47C1 /* GoogleService-Info.plist */,
			);
			path = "karton-ios";
			sourceTree = "<group>";
		};
		D48EE31E249ADB2400F1C598 /* karton-iosTests */ = {
			isa = PBXGroup;
			children = (
				D48EE31F249ADB2400F1C598 /* karton_iosTests.swift */,
				D48EE321249ADB2400F1C598 /* Info.plist */,
			);
			path = "karton-iosTests";
			sourceTree = "<group>";
		};
		D48EE329249ADB2400F1C598 /* karton-iosUITests */ = {
			isa = PBXGroup;
			children = (
				D48EE32A249ADB2400F1C598 /* karton_iosUITests.swift */,
				D48EE32C249ADB2400F1C598 /* Info.plist */,
			);
			path = "karton-iosUITests";
			sourceTree = "<group>";
		};
		D4F625EF24B9A43D00EDB10B /* ViewControllers */ = {
			isa = PBXGroup;
			children = (
				D44DFD1524F2DB4A008B210F /* UIUtilities.swift */,
				D4F625F024B9A46900EDB10B /* HomePageViewController.swift */,
				D42C8A5B24D7324600170880 /* WebKitViewController.swift */,
				D47EC55324F840E5003AC8D9 /* CameraViewController.swift */,
				D42559E224FAB41500C0CB8F /* CodingViewController.swift */,
			);
			path = ViewControllers;
			sourceTree = "<group>";
		};
		D4F625F224B9AB8400EDB10B /* Cells */ = {
			isa = PBXGroup;
			children = (
				D4F625F524B9AC1600EDB10B /* HomePageCollectionViewCell.swift */,
			);
			path = Cells;
			sourceTree = "<group>";
		};
		D4F625F724B9AF1300EDB10B /* Models */ = {
			isa = PBXGroup;
			children = (
				D43EACC724D71355007797CF /* JSONs.swift */,
				D43EACC324D712C4007797CF /* Content.swift */,
				D43EACC524D712F6007797CF /* ContentsDataSource.swift */,
			);
			path = Models;
			sourceTree = "<group>";
		};
		D4F625FC24BA32ED00EDB10B /* Design */ = {
			isa = PBXGroup;
			children = (
				D4F625FE24BA331E00EDB10B /* RoundButton.swift */,
			);
			path = Design;
			sourceTree = "<group>";
		};
		F7009BF2D8765693D3B1E4E2 /* Pods */ = {
			isa = PBXGroup;
			children = (
				520A79430917D64AD756C07D /* Pods-karton-ios.debug.xcconfig */,
				C06DF16F009C476265096D31 /* Pods-karton-ios.release.xcconfig */,
				0A83BE5B8F8CAA91F6569934 /* Pods-karton-ios-karton-iosUITests.debug.xcconfig */,
				8EA31EA8E8ECB00421BF81D9 /* Pods-karton-ios-karton-iosUITests.release.xcconfig */,
				FB8DBA651E3EF48AD599B3E6 /* Pods-karton-iosTests.debug.xcconfig */,
				4854B9F080F4C206890F01F9 /* Pods-karton-iosTests.release.xcconfig */,
			);
			path = Pods;
			sourceTree = "<group>";
		};
/* End PBXGroup section */

/* Begin PBXNativeTarget section */
		D48EE304249ADB2200F1C598 /* karton-ios */ = {
			isa = PBXNativeTarget;
			buildConfigurationList = D48EE32F249ADB2400F1C598 /* Build configuration list for PBXNativeTarget "karton-ios" */;
			buildPhases = (
				9762BF82DF5C7359F1E6D9B6 /* [CP] Check Pods Manifest.lock */,
				D48EE301249ADB2200F1C598 /* Sources */,
				D48EE302249ADB2200F1C598 /* Frameworks */,
				D48EE303249ADB2200F1C598 /* Resources */,
				A27A5ED00F550FEF30CE6701 /* [CP] Embed Pods Frameworks */,
				2C34174A755929C91B2FF8C4 /* [CP] Copy Pods Resources */,
			);
			buildRules = (
			);
			dependencies = (
			);
			name = "karton-ios";
			productName = "karton-ios";
			productReference = D48EE305249ADB2200F1C598 /* kart-ON.app */;
			productType = "com.apple.product-type.application";
		};
		D48EE31A249ADB2400F1C598 /* karton-iosTests */ = {
			isa = PBXNativeTarget;
			buildConfigurationList = D48EE332249ADB2400F1C598 /* Build configuration list for PBXNativeTarget "karton-iosTests" */;
			buildPhases = (
				C86563D1C8491C9285A2DE87 /* [CP] Check Pods Manifest.lock */,
				D48EE317249ADB2400F1C598 /* Sources */,
				D48EE318249ADB2400F1C598 /* Frameworks */,
				D48EE319249ADB2400F1C598 /* Resources */,
			);
			buildRules = (
			);
			dependencies = (
				D48EE31D249ADB2400F1C598 /* PBXTargetDependency */,
			);
			name = "karton-iosTests";
			productName = "karton-iosTests";
			productReference = D48EE31B249ADB2400F1C598 /* karton-iosTests.xctest */;
			productType = "com.apple.product-type.bundle.unit-test";
		};
		D48EE325249ADB2400F1C598 /* karton-iosUITests */ = {
			isa = PBXNativeTarget;
			buildConfigurationList = D48EE335249ADB2400F1C598 /* Build configuration list for PBXNativeTarget "karton-iosUITests" */;
			buildPhases = (
				D0B3CA3EC2ABF98617790AA8 /* [CP] Check Pods Manifest.lock */,
				D48EE322249ADB2400F1C598 /* Sources */,
				D48EE323249ADB2400F1C598 /* Frameworks */,
				D48EE324249ADB2400F1C598 /* Resources */,
				5CC05DA9F83C7ACD53152D3C /* [CP] Embed Pods Frameworks */,
				D5706A38C1AFE6AC39AB7235 /* [CP] Copy Pods Resources */,
			);
			buildRules = (
			);
			dependencies = (
				D48EE328249ADB2400F1C598 /* PBXTargetDependency */,
			);
			name = "karton-iosUITests";
			productName = "karton-iosUITests";
			productReference = D48EE326249ADB2400F1C598 /* karton-iosUITests.xctest */;
			productType = "com.apple.product-type.bundle.ui-testing";
		};
/* End PBXNativeTarget section */

/* Begin PBXProject section */
		D48EE2FD249ADB2200F1C598 /* Project object */ = {
			isa = PBXProject;
			attributes = {
				LastSwiftUpdateCheck = 1160;
				LastUpgradeCheck = 1160;
				ORGANIZATIONNAME = "Ece Azizoğlu";
				TargetAttributes = {
					D48EE304249ADB2200F1C598 = {
						CreatedOnToolsVersion = 11.6;
					};
					D48EE31A249ADB2400F1C598 = {
						CreatedOnToolsVersion = 11.6;
						TestTargetID = D48EE304249ADB2200F1C598;
					};
					D48EE325249ADB2400F1C598 = {
						CreatedOnToolsVersion = 11.6;
						TestTargetID = D48EE304249ADB2200F1C598;
					};
				};
			};
			buildConfigurationList = D48EE300249ADB2200F1C598 /* Build configuration list for PBXProject "karton-ios" */;
			compatibilityVersion = "Xcode 9.3";
			developmentRegion = en;
			hasScannedForEncodings = 0;
			knownRegions = (
				en,
				Base,
			);
			mainGroup = D48EE2FC249ADB2200F1C598;
			productRefGroup = D48EE306249ADB2200F1C598 /* Products */;
			projectDirPath = "";
			projectRoot = "";
			targets = (
				D48EE304249ADB2200F1C598 /* karton-ios */,
				D48EE31A249ADB2400F1C598 /* karton-iosTests */,
				D48EE325249ADB2400F1C598 /* karton-iosUITests */,
			);
		};
/* End PBXProject section */

/* Begin PBXResourcesBuildPhase section */
		D48EE303249ADB2200F1C598 /* Resources */ = {
			isa = PBXResourcesBuildPhase;
			buildActionMask = 2147483647;
			files = (
				D44DFD1424F2D931008B210F /* 2nd.jpg in Resources */,
				D48EE315249ADB2400F1C598 /* LaunchScreen.storyboard in Resources */,
				D426244924F28A6D008B47C1 /* GoogleService-Info.plist in Resources */,
				D48EE312249ADB2400F1C598 /* Assets.xcassets in Resources */,
				D48EE310249ADB2200F1C598 /* Main.storyboard in Resources */,
				D44DFD1224F2D929008B210F /* 1st.jpg in Resources */,
			);
			runOnlyForDeploymentPostprocessing = 0;
		};
		D48EE319249ADB2400F1C598 /* Resources */ = {
			isa = PBXResourcesBuildPhase;
			buildActionMask = 2147483647;
			files = (
			);
			runOnlyForDeploymentPostprocessing = 0;
		};
		D48EE324249ADB2400F1C598 /* Resources */ = {
			isa = PBXResourcesBuildPhase;
			buildActionMask = 2147483647;
			files = (
			);
			runOnlyForDeploymentPostprocessing = 0;
		};
/* End PBXResourcesBuildPhase section */

/* Begin PBXShellScriptBuildPhase section */
		2C34174A755929C91B2FF8C4 /* [CP] Copy Pods Resources */ = {
			isa = PBXShellScriptBuildPhase;
			buildActionMask = 2147483647;
			files = (
			);
			inputFileListPaths = (
				"${PODS_ROOT}/Target Support Files/Pods-karton-ios/Pods-karton-ios-resources-${CONFIGURATION}-input-files.xcfilelist",
			);
			name = "[CP] Copy Pods Resources";
			outputFileListPaths = (
				"${PODS_ROOT}/Target Support Files/Pods-karton-ios/Pods-karton-ios-resources-${CONFIGURATION}-output-files.xcfilelist",
			);
			runOnlyForDeploymentPostprocessing = 0;
			shellPath = /bin/sh;
			shellScript = "\"${PODS_ROOT}/Target Support Files/Pods-karton-ios/Pods-karton-ios-resources.sh\"\n";
			showEnvVarsInLog = 0;
		};
		5CC05DA9F83C7ACD53152D3C /* [CP] Embed Pods Frameworks */ = {
			isa = PBXShellScriptBuildPhase;
			buildActionMask = 2147483647;
			files = (
			);
			inputFileListPaths = (
				"${PODS_ROOT}/Target Support Files/Pods-karton-ios-karton-iosUITests/Pods-karton-ios-karton-iosUITests-frameworks-${CONFIGURATION}-input-files.xcfilelist",
			);
			name = "[CP] Embed Pods Frameworks";
			outputFileListPaths = (
				"${PODS_ROOT}/Target Support Files/Pods-karton-ios-karton-iosUITests/Pods-karton-ios-karton-iosUITests-frameworks-${CONFIGURATION}-output-files.xcfilelist",
			);
			runOnlyForDeploymentPostprocessing = 0;
			shellPath = /bin/sh;
			shellScript = "\"${PODS_ROOT}/Target Support Files/Pods-karton-ios-karton-iosUITests/Pods-karton-ios-karton-iosUITests-frameworks.sh\"\n";
			showEnvVarsInLog = 0;
		};
		9762BF82DF5C7359F1E6D9B6 /* [CP] Check Pods Manifest.lock */ = {
			isa = PBXShellScriptBuildPhase;
			buildActionMask = 2147483647;
			files = (
			);
			inputFileListPaths = (
			);
			inputPaths = (
				"${PODS_PODFILE_DIR_PATH}/Podfile.lock",
				"${PODS_ROOT}/Manifest.lock",
			);
			name = "[CP] Check Pods Manifest.lock";
			outputFileListPaths = (
			);
			outputPaths = (
				"$(DERIVED_FILE_DIR)/Pods-karton-ios-checkManifestLockResult.txt",
			);
			runOnlyForDeploymentPostprocessing = 0;
			shellPath = /bin/sh;
			shellScript = "diff \"${PODS_PODFILE_DIR_PATH}/Podfile.lock\" \"${PODS_ROOT}/Manifest.lock\" > /dev/null\nif [ $? != 0 ] ; then\n    # print error to STDERR\n    echo \"error: The sandbox is not in sync with the Podfile.lock. Run 'pod install' or update your CocoaPods installation.\" >&2\n    exit 1\nfi\n# This output is used by Xcode 'outputs' to avoid re-running this script phase.\necho \"SUCCESS\" > \"${SCRIPT_OUTPUT_FILE_0}\"\n";
			showEnvVarsInLog = 0;
		};
		A27A5ED00F550FEF30CE6701 /* [CP] Embed Pods Frameworks */ = {
			isa = PBXShellScriptBuildPhase;
			buildActionMask = 2147483647;
			files = (
			);
			inputFileListPaths = (
				"${PODS_ROOT}/Target Support Files/Pods-karton-ios/Pods-karton-ios-frameworks-${CONFIGURATION}-input-files.xcfilelist",
			);
			name = "[CP] Embed Pods Frameworks";
			outputFileListPaths = (
				"${PODS_ROOT}/Target Support Files/Pods-karton-ios/Pods-karton-ios-frameworks-${CONFIGURATION}-output-files.xcfilelist",
			);
			runOnlyForDeploymentPostprocessing = 0;
			shellPath = /bin/sh;
			shellScript = "\"${PODS_ROOT}/Target Support Files/Pods-karton-ios/Pods-karton-ios-frameworks.sh\"\n";
			showEnvVarsInLog = 0;
		};
		C86563D1C8491C9285A2DE87 /* [CP] Check Pods Manifest.lock */ = {
			isa = PBXShellScriptBuildPhase;
			buildActionMask = 2147483647;
			files = (
			);
			inputFileListPaths = (
			);
			inputPaths = (
				"${PODS_PODFILE_DIR_PATH}/Podfile.lock",
				"${PODS_ROOT}/Manifest.lock",
			);
			name = "[CP] Check Pods Manifest.lock";
			outputFileListPaths = (
			);
			outputPaths = (
				"$(DERIVED_FILE_DIR)/Pods-karton-iosTests-checkManifestLockResult.txt",
			);
			runOnlyForDeploymentPostprocessing = 0;
			shellPath = /bin/sh;
			shellScript = "diff \"${PODS_PODFILE_DIR_PATH}/Podfile.lock\" \"${PODS_ROOT}/Manifest.lock\" > /dev/null\nif [ $? != 0 ] ; then\n    # print error to STDERR\n    echo \"error: The sandbox is not in sync with the Podfile.lock. Run 'pod install' or update your CocoaPods installation.\" >&2\n    exit 1\nfi\n# This output is used by Xcode 'outputs' to avoid re-running this script phase.\necho \"SUCCESS\" > \"${SCRIPT_OUTPUT_FILE_0}\"\n";
			showEnvVarsInLog = 0;
		};
		D0B3CA3EC2ABF98617790AA8 /* [CP] Check Pods Manifest.lock */ = {
			isa = PBXShellScriptBuildPhase;
			buildActionMask = 2147483647;
			files = (
			);
			inputFileListPaths = (
			);
			inputPaths = (
				"${PODS_PODFILE_DIR_PATH}/Podfile.lock",
				"${PODS_ROOT}/Manifest.lock",
			);
			name = "[CP] Check Pods Manifest.lock";
			outputFileListPaths = (
			);
			outputPaths = (
				"$(DERIVED_FILE_DIR)/Pods-karton-ios-karton-iosUITests-checkManifestLockResult.txt",
			);
			runOnlyForDeploymentPostprocessing = 0;
			shellPath = /bin/sh;
			shellScript = "diff \"${PODS_PODFILE_DIR_PATH}/Podfile.lock\" \"${PODS_ROOT}/Manifest.lock\" > /dev/null\nif [ $? != 0 ] ; then\n    # print error to STDERR\n    echo \"error: The sandbox is not in sync with the Podfile.lock. Run 'pod install' or update your CocoaPods installation.\" >&2\n    exit 1\nfi\n# This output is used by Xcode 'outputs' to avoid re-running this script phase.\necho \"SUCCESS\" > \"${SCRIPT_OUTPUT_FILE_0}\"\n";
			showEnvVarsInLog = 0;
		};
		D5706A38C1AFE6AC39AB7235 /* [CP] Copy Pods Resources */ = {
			isa = PBXShellScriptBuildPhase;
			buildActionMask = 2147483647;
			files = (
			);
			inputFileListPaths = (
				"${PODS_ROOT}/Target Support Files/Pods-karton-ios-karton-iosUITests/Pods-karton-ios-karton-iosUITests-resources-${CONFIGURATION}-input-files.xcfilelist",
			);
			name = "[CP] Copy Pods Resources";
			outputFileListPaths = (
				"${PODS_ROOT}/Target Support Files/Pods-karton-ios-karton-iosUITests/Pods-karton-ios-karton-iosUITests-resources-${CONFIGURATION}-output-files.xcfilelist",
			);
			runOnlyForDeploymentPostprocessing = 0;
			shellPath = /bin/sh;
			shellScript = "\"${PODS_ROOT}/Target Support Files/Pods-karton-ios-karton-iosUITests/Pods-karton-ios-karton-iosUITests-resources.sh\"\n";
			showEnvVarsInLog = 0;
		};
/* End PBXShellScriptBuildPhase section */

/* Begin PBXSourcesBuildPhase section */
		D48EE301249ADB2200F1C598 /* Sources */ = {
			isa = PBXSourcesBuildPhase;
			buildActionMask = 2147483647;
			files = (
				D4F625F624B9AC1600EDB10B /* HomePageCollectionViewCell.swift in Sources */,
				D43EACC624D712F6007797CF /* ContentsDataSource.swift in Sources */,
				D43EACC824D71355007797CF /* JSONs.swift in Sources */,
				D4F625FF24BA331E00EDB10B /* RoundButton.swift in Sources */,
				D47EC55424F840E5003AC8D9 /* CameraViewController.swift in Sources */,
				D43EACC424D712C4007797CF /* Content.swift in Sources */,
				D4F625F124B9A46900EDB10B /* HomePageViewController.swift in Sources */,
				D42559E324FAB41500C0CB8F /* CodingViewController.swift in Sources */,
				D48EE309249ADB2200F1C598 /* AppDelegate.swift in Sources */,
				D44DFD1624F2DB4A008B210F /* UIUtilities.swift in Sources */,
				D48EE30B249ADB2200F1C598 /* SceneDelegate.swift in Sources */,
				D42C8A5C24D7324600170880 /* WebKitViewController.swift in Sources */,
			);
			runOnlyForDeploymentPostprocessing = 0;
		};
		D48EE317249ADB2400F1C598 /* Sources */ = {
			isa = PBXSourcesBuildPhase;
			buildActionMask = 2147483647;
			files = (
				D48EE320249ADB2400F1C598 /* karton_iosTests.swift in Sources */,
			);
			runOnlyForDeploymentPostprocessing = 0;
		};
		D48EE322249ADB2400F1C598 /* Sources */ = {
			isa = PBXSourcesBuildPhase;
			buildActionMask = 2147483647;
			files = (
				D48EE32B249ADB2400F1C598 /* karton_iosUITests.swift in Sources */,
			);
			runOnlyForDeploymentPostprocessing = 0;
		};
/* End PBXSourcesBuildPhase section */

/* Begin PBXTargetDependency section */
		D48EE31D249ADB2400F1C598 /* PBXTargetDependency */ = {
			isa = PBXTargetDependency;
			target = D48EE304249ADB2200F1C598 /* karton-ios */;
			targetProxy = D48EE31C249ADB2400F1C598 /* PBXContainerItemProxy */;
		};
		D48EE328249ADB2400F1C598 /* PBXTargetDependency */ = {
			isa = PBXTargetDependency;
			target = D48EE304249ADB2200F1C598 /* karton-ios */;
			targetProxy = D48EE327249ADB2400F1C598 /* PBXContainerItemProxy */;
		};
/* End PBXTargetDependency section */

/* Begin PBXVariantGroup section */
		D48EE30E249ADB2200F1C598 /* Main.storyboard */ = {
			isa = PBXVariantGroup;
			children = (
				D48EE30F249ADB2200F1C598 /* Base */,
			);
			name = Main.storyboard;
			sourceTree = "<group>";
		};
		D48EE313249ADB2400F1C598 /* LaunchScreen.storyboard */ = {
			isa = PBXVariantGroup;
			children = (
				D48EE314249ADB2400F1C598 /* Base */,
			);
			name = LaunchScreen.storyboard;
			sourceTree = "<group>";
		};
/* End PBXVariantGroup section */

/* Begin XCBuildConfiguration section */
		D48EE32D249ADB2400F1C598 /* Debug */ = {
			isa = XCBuildConfiguration;
			buildSettings = {
				ALWAYS_SEARCH_USER_PATHS = NO;
				CLANG_ANALYZER_NONNULL = YES;
				CLANG_ANALYZER_NUMBER_OBJECT_CONVERSION = YES_AGGRESSIVE;
				CLANG_CXX_LANGUAGE_STANDARD = "gnu++14";
				CLANG_CXX_LIBRARY = "libc++";
				CLANG_ENABLE_MODULES = YES;
				CLANG_ENABLE_OBJC_ARC = YES;
				CLANG_ENABLE_OBJC_WEAK = YES;
				CLANG_WARN_BLOCK_CAPTURE_AUTORELEASING = YES;
				CLANG_WARN_BOOL_CONVERSION = YES;
				CLANG_WARN_COMMA = YES;
				CLANG_WARN_CONSTANT_CONVERSION = YES;
				CLANG_WARN_DEPRECATED_OBJC_IMPLEMENTATIONS = YES;
				CLANG_WARN_DIRECT_OBJC_ISA_USAGE = YES_ERROR;
				CLANG_WARN_DOCUMENTATION_COMMENTS = YES;
				CLANG_WARN_EMPTY_BODY = YES;
				CLANG_WARN_ENUM_CONVERSION = YES;
				CLANG_WARN_INFINITE_RECURSION = YES;
				CLANG_WARN_INT_CONVERSION = YES;
				CLANG_WARN_NON_LITERAL_NULL_CONVERSION = YES;
				CLANG_WARN_OBJC_IMPLICIT_RETAIN_SELF = YES;
				CLANG_WARN_OBJC_LITERAL_CONVERSION = YES;
				CLANG_WARN_OBJC_ROOT_CLASS = YES_ERROR;
				CLANG_WARN_RANGE_LOOP_ANALYSIS = YES;
				CLANG_WARN_STRICT_PROTOTYPES = YES;
				CLANG_WARN_SUSPICIOUS_MOVE = YES;
				CLANG_WARN_UNGUARDED_AVAILABILITY = YES_AGGRESSIVE;
				CLANG_WARN_UNREACHABLE_CODE = YES;
				CLANG_WARN__DUPLICATE_METHOD_MATCH = YES;
				COPY_PHASE_STRIP = NO;
				DEBUG_INFORMATION_FORMAT = dwarf;
				ENABLE_STRICT_OBJC_MSGSEND = YES;
				ENABLE_TESTABILITY = YES;
				GCC_C_LANGUAGE_STANDARD = gnu11;
				GCC_DYNAMIC_NO_PIC = NO;
				GCC_NO_COMMON_BLOCKS = YES;
				GCC_OPTIMIZATION_LEVEL = 0;
				GCC_PREPROCESSOR_DEFINITIONS = (
					"DEBUG=1",
					"$(inherited)",
				);
				GCC_WARN_64_TO_32_BIT_CONVERSION = YES;
				GCC_WARN_ABOUT_RETURN_TYPE = YES_ERROR;
				GCC_WARN_UNDECLARED_SELECTOR = YES;
				GCC_WARN_UNINITIALIZED_AUTOS = YES_AGGRESSIVE;
				GCC_WARN_UNUSED_FUNCTION = YES;
				GCC_WARN_UNUSED_VARIABLE = YES;
				IPHONEOS_DEPLOYMENT_TARGET = 11.0;
				MTL_ENABLE_DEBUG_INFO = INCLUDE_SOURCE;
				MTL_FAST_MATH = YES;
				ONLY_ACTIVE_ARCH = YES;
				SDKROOT = iphoneos;
				SWIFT_ACTIVE_COMPILATION_CONDITIONS = DEBUG;
				SWIFT_OPTIMIZATION_LEVEL = "-Onone";
			};
			name = Debug;
		};
		D48EE32E249ADB2400F1C598 /* Release */ = {
			isa = XCBuildConfiguration;
			buildSettings = {
				ALWAYS_SEARCH_USER_PATHS = NO;
				CLANG_ANALYZER_NONNULL = YES;
				CLANG_ANALYZER_NUMBER_OBJECT_CONVERSION = YES_AGGRESSIVE;
				CLANG_CXX_LANGUAGE_STANDARD = "gnu++14";
				CLANG_CXX_LIBRARY = "libc++";
				CLANG_ENABLE_MODULES = YES;
				CLANG_ENABLE_OBJC_ARC = YES;
				CLANG_ENABLE_OBJC_WEAK = YES;
				CLANG_WARN_BLOCK_CAPTURE_AUTORELEASING = YES;
				CLANG_WARN_BOOL_CONVERSION = YES;
				CLANG_WARN_COMMA = YES;
				CLANG_WARN_CONSTANT_CONVERSION = YES;
				CLANG_WARN_DEPRECATED_OBJC_IMPLEMENTATIONS = YES;
				CLANG_WARN_DIRECT_OBJC_ISA_USAGE = YES_ERROR;
				CLANG_WARN_DOCUMENTATION_COMMENTS = YES;
				CLANG_WARN_EMPTY_BODY = YES;
				CLANG_WARN_ENUM_CONVERSION = YES;
				CLANG_WARN_INFINITE_RECURSION = YES;
				CLANG_WARN_INT_CONVERSION = YES;
				CLANG_WARN_NON_LITERAL_NULL_CONVERSION = YES;
				CLANG_WARN_OBJC_IMPLICIT_RETAIN_SELF = YES;
				CLANG_WARN_OBJC_LITERAL_CONVERSION = YES;
				CLANG_WARN_OBJC_ROOT_CLASS = YES_ERROR;
				CLANG_WARN_RANGE_LOOP_ANALYSIS = YES;
				CLANG_WARN_STRICT_PROTOTYPES = YES;
				CLANG_WARN_SUSPICIOUS_MOVE = YES;
				CLANG_WARN_UNGUARDED_AVAILABILITY = YES_AGGRESSIVE;
				CLANG_WARN_UNREACHABLE_CODE = YES;
				CLANG_WARN__DUPLICATE_METHOD_MATCH = YES;
				COPY_PHASE_STRIP = NO;
				DEBUG_INFORMATION_FORMAT = "dwarf-with-dsym";
				ENABLE_NS_ASSERTIONS = NO;
				ENABLE_STRICT_OBJC_MSGSEND = YES;
				GCC_C_LANGUAGE_STANDARD = gnu11;
				GCC_NO_COMMON_BLOCKS = YES;
				GCC_WARN_64_TO_32_BIT_CONVERSION = YES;
				GCC_WARN_ABOUT_RETURN_TYPE = YES_ERROR;
				GCC_WARN_UNDECLARED_SELECTOR = YES;
				GCC_WARN_UNINITIALIZED_AUTOS = YES_AGGRESSIVE;
				GCC_WARN_UNUSED_FUNCTION = YES;
				GCC_WARN_UNUSED_VARIABLE = YES;
				IPHONEOS_DEPLOYMENT_TARGET = 11.0;
				MTL_ENABLE_DEBUG_INFO = NO;
				MTL_FAST_MATH = YES;
				SDKROOT = iphoneos;
				SWIFT_COMPILATION_MODE = wholemodule;
				SWIFT_OPTIMIZATION_LEVEL = "-O";
				VALIDATE_PRODUCT = YES;
			};
			name = Release;
		};
		D48EE330249ADB2400F1C598 /* Debug */ = {
			isa = XCBuildConfiguration;
			baseConfigurationReference = 520A79430917D64AD756C07D /* Pods-karton-ios.debug.xcconfig */;
			buildSettings = {
				ASSETCATALOG_COMPILER_APPICON_NAME = AppIcon;
				CODE_SIGN_STYLE = Automatic;
				DEVELOPMENT_TEAM = CPPZQGDYK7;
				INFOPLIST_FILE = "karton-ios/Info.plist";
				LD_RUNPATH_SEARCH_PATHS = (
					"$(inherited)",
					"@executable_path/Frameworks",
				);
				PRODUCT_BUNDLE_IDENTIFIER = "ece.karton-ios";
				PRODUCT_NAME = "kart-ON";
				SWIFT_VERSION = 5.0;
				TARGETED_DEVICE_FAMILY = "1,2";
			};
			name = Debug;
		};
		D48EE331249ADB2400F1C598 /* Release */ = {
			isa = XCBuildConfiguration;
			baseConfigurationReference = C06DF16F009C476265096D31 /* Pods-karton-ios.release.xcconfig */;
			buildSettings = {
				ASSETCATALOG_COMPILER_APPICON_NAME = AppIcon;
				CODE_SIGN_STYLE = Automatic;
				DEVELOPMENT_TEAM = CPPZQGDYK7;
				INFOPLIST_FILE = "karton-ios/Info.plist";
				LD_RUNPATH_SEARCH_PATHS = (
					"$(inherited)",
					"@executable_path/Frameworks",
				);
				PRODUCT_BUNDLE_IDENTIFIER = "ece.karton-ios";
				PRODUCT_NAME = "kart-ON";
				SWIFT_VERSION = 5.0;
				TARGETED_DEVICE_FAMILY = "1,2";
			};
			name = Release;
		};
		D48EE333249ADB2400F1C598 /* Debug */ = {
			isa = XCBuildConfiguration;
			baseConfigurationReference = FB8DBA651E3EF48AD599B3E6 /* Pods-karton-iosTests.debug.xcconfig */;
			buildSettings = {
				ALWAYS_EMBED_SWIFT_STANDARD_LIBRARIES = YES;
				BUNDLE_LOADER = "$(TEST_HOST)";
				CODE_SIGN_STYLE = Automatic;
				DEVELOPMENT_TEAM = CPPZQGDYK7;
				INFOPLIST_FILE = "karton-iosTests/Info.plist";
				IPHONEOS_DEPLOYMENT_TARGET = 13.6;
				LD_RUNPATH_SEARCH_PATHS = (
					"$(inherited)",
					"@executable_path/Frameworks",
					"@loader_path/Frameworks",
				);
				PRODUCT_BUNDLE_IDENTIFIER = "ece.karton-iosTests";
				PRODUCT_NAME = "$(TARGET_NAME)";
				SWIFT_VERSION = 5.0;
				TARGETED_DEVICE_FAMILY = "1,2";
				TEST_HOST = "$(BUILT_PRODUCTS_DIR)/karton-ios.app/karton-ios";
			};
			name = Debug;
		};
		D48EE334249ADB2400F1C598 /* Release */ = {
			isa = XCBuildConfiguration;
			baseConfigurationReference = 4854B9F080F4C206890F01F9 /* Pods-karton-iosTests.release.xcconfig */;
			buildSettings = {
				ALWAYS_EMBED_SWIFT_STANDARD_LIBRARIES = YES;
				BUNDLE_LOADER = "$(TEST_HOST)";
				CODE_SIGN_STYLE = Automatic;
				DEVELOPMENT_TEAM = CPPZQGDYK7;
				INFOPLIST_FILE = "karton-iosTests/Info.plist";
				IPHONEOS_DEPLOYMENT_TARGET = 13.6;
				LD_RUNPATH_SEARCH_PATHS = (
					"$(inherited)",
					"@executable_path/Frameworks",
					"@loader_path/Frameworks",
				);
				PRODUCT_BUNDLE_IDENTIFIER = "ece.karton-iosTests";
				PRODUCT_NAME = "$(TARGET_NAME)";
				SWIFT_VERSION = 5.0;
				TARGETED_DEVICE_FAMILY = "1,2";
				TEST_HOST = "$(BUILT_PRODUCTS_DIR)/karton-ios.app/karton-ios";
			};
			name = Release;
		};
		D48EE336249ADB2400F1C598 /* Debug */ = {
			isa = XCBuildConfiguration;
			baseConfigurationReference = 0A83BE5B8F8CAA91F6569934 /* Pods-karton-ios-karton-iosUITests.debug.xcconfig */;
			buildSettings = {
				ALWAYS_EMBED_SWIFT_STANDARD_LIBRARIES = YES;
				CODE_SIGN_STYLE = Automatic;
				DEVELOPMENT_TEAM = CPPZQGDYK7;
				INFOPLIST_FILE = "karton-iosUITests/Info.plist";
				LD_RUNPATH_SEARCH_PATHS = (
					"$(inherited)",
					"@executable_path/Frameworks",
					"@loader_path/Frameworks",
				);
				PRODUCT_BUNDLE_IDENTIFIER = "ece.karton-iosUITests";
				PRODUCT_NAME = "$(TARGET_NAME)";
				SWIFT_VERSION = 5.0;
				TARGETED_DEVICE_FAMILY = "1,2";
				TEST_TARGET_NAME = "karton-ios";
			};
			name = Debug;
		};
		D48EE337249ADB2400F1C598 /* Release */ = {
			isa = XCBuildConfiguration;
			baseConfigurationReference = 8EA31EA8E8ECB00421BF81D9 /* Pods-karton-ios-karton-iosUITests.release.xcconfig */;
			buildSettings = {
				ALWAYS_EMBED_SWIFT_STANDARD_LIBRARIES = YES;
				CODE_SIGN_STYLE = Automatic;
				DEVELOPMENT_TEAM = CPPZQGDYK7;
				INFOPLIST_FILE = "karton-iosUITests/Info.plist";
				LD_RUNPATH_SEARCH_PATHS = (
					"$(inherited)",
					"@executable_path/Frameworks",
					"@loader_path/Frameworks",
				);
				PRODUCT_BUNDLE_IDENTIFIER = "ece.karton-iosUITests";
				PRODUCT_NAME = "$(TARGET_NAME)";
				SWIFT_VERSION = 5.0;
				TARGETED_DEVICE_FAMILY = "1,2";
				TEST_TARGET_NAME = "karton-ios";
			};
			name = Release;
		};
/* End XCBuildConfiguration section */

/* Begin XCConfigurationList section */
		D48EE300249ADB2200F1C598 /* Build configuration list for PBXProject "karton-ios" */ = {
			isa = XCConfigurationList;
			buildConfigurations = (
				D48EE32D249ADB2400F1C598 /* Debug */,
				D48EE32E249ADB2400F1C598 /* Release */,
			);
			defaultConfigurationIsVisible = 0;
			defaultConfigurationName = Release;
		};
		D48EE32F249ADB2400F1C598 /* Build configuration list for PBXNativeTarget "karton-ios" */ = {
			isa = XCConfigurationList;
			buildConfigurations = (
				D48EE330249ADB2400F1C598 /* Debug */,
				D48EE331249ADB2400F1C598 /* Release */,
			);
			defaultConfigurationIsVisible = 0;
			defaultConfigurationName = Release;
		};
		D48EE332249ADB2400F1C598 /* Build configuration list for PBXNativeTarget "karton-iosTests" */ = {
			isa = XCConfigurationList;
			buildConfigurations = (
				D48EE333249ADB2400F1C598 /* Debug */,
				D48EE334249ADB2400F1C598 /* Release */,
			);
			defaultConfigurationIsVisible = 0;
			defaultConfigurationName = Release;
		};
		D48EE335249ADB2400F1C598 /* Build configuration list for PBXNativeTarget "karton-iosUITests" */ = {
			isa = XCConfigurationList;
			buildConfigurations = (
				D48EE336249ADB2400F1C598 /* Debug */,
				D48EE337249ADB2400F1C598 /* Release */,
			);
			defaultConfigurationIsVisible = 0;
			defaultConfigurationName = Release;
		};
/* End XCConfigurationList section */
	};
	rootObject = D48EE2FD249ADB2200F1C598 /* Project object */;
}
